// !$*UTF8*$!
{
	archiveVersion = 1;
	classes = {
	};
	objectVersion = 77;
	objects = {

/* Begin PBXBuildFile section */
		F9836BE72D9EBBFA0028E812 /* DitherCalculatorCore in Resources */ = {isa = PBXBuildFile; fileRef = F9836BE62D9EBBFA0028E812 /* DitherCalculatorCore */; };
/* End PBXBuildFile section */

/* Begin PBXContainerItemProxy section */
		F9D35DBC2D8F9BEC0037E397 /* PBXContainerItemProxy */ = {
			isa = PBXContainerItemProxy;
			containerPortal = F9D35DA32D8F9BEA0037E397 /* Project object */;
			proxyType = 1;
			remoteGlobalIDString = F9D35DAA2D8F9BEA0037E397;
			remoteInfo = DitherCalculator;
		};
		F9D35DC62D8F9BEC0037E397 /* PBXContainerItemProxy */ = {
			isa = PBXContainerItemProxy;
			containerPortal = F9D35DA32D8F9BEA0037E397 /* Project object */;
			proxyType = 1;
			remoteGlobalIDString = F9D35DAA2D8F9BEA0037E397;
			remoteInfo = DitherCalculator;
		};
/* End PBXContainerItemProxy section */

/* Begin PBXFileReference section */
		F9836BE62D9EBBFA0028E812 /* DitherCalculatorCore */ = {isa = PBXFileReference; lastKnownFileType = wrapper; path = DitherCalculatorCore; sourceTree = "<group>"; };
		F9D35DAB2D8F9BEA0037E397 /* DitherCalculator.app */ = {isa = PBXFileReference; explicitFileType = wrapper.application; includeInIndex = 0; path = DitherCalculator.app; sourceTree = BUILT_PRODUCTS_DIR; };
		F9D35DBB2D8F9BEC0037E397 /* DitherCalculatorTests.xctest */ = {isa = PBXFileReference; explicitFileType = wrapper.cfbundle; includeInIndex = 0; path = DitherCalculatorTests.xctest; sourceTree = BUILT_PRODUCTS_DIR; };
		F9D35DC52D8F9BEC0037E397 /* DitherCalculatorUITests.xctest */ = {isa = PBXFileReference; explicitFileType = wrapper.cfbundle; includeInIndex = 0; path = DitherCalculatorUITests.xctest; sourceTree = BUILT_PRODUCTS_DIR; };
/* End PBXFileReference section */

/* Begin PBXFileSystemSynchronizedRootGroup section */
		F9D35DAD2D8F9BEA0037E397 /* DitherCalculator */ = {
			isa = PBXFileSystemSynchronizedRootGroup;
			path = DitherCalculator;
			sourceTree = "<group>";
		};
		F9D35DBE2D8F9BEC0037E397 /* DitherCalculatorTests */ = {
			isa = PBXFileSystemSynchronizedRootGroup;
			path = DitherCalculatorTests;
			sourceTree = "<group>";
		};
		F9D35DC82D8F9BEC0037E397 /* DitherCalculatorUITests */ = {
			isa = PBXFileSystemSynchronizedRootGroup;
			path = DitherCalculatorUITests;
			sourceTree = "<group>";
		};
/* End PBXFileSystemSynchronizedRootGroup section */

/* Begin PBXFrameworksBuildPhase section */
		F9D35DA82D8F9BEA0037E397 /* Frameworks */ = {
			isa = PBXFrameworksBuildPhase;
			buildActionMask = 2147483647;
			files = (
			);
			runOnlyForDeploymentPostprocessing = 0;
		};
		F9D35DB82D8F9BEC0037E397 /* Frameworks */ = {
			isa = PBXFrameworksBuildPhase;
			buildActionMask = 2147483647;
			files = (
			);
			runOnlyForDeploymentPostprocessing = 0;
		};
		F9D35DC22D8F9BEC0037E397 /* Frameworks */ = {
			isa = PBXFrameworksBuildPhase;
			buildActionMask = 2147483647;
			files = (
			);
			runOnlyForDeploymentPostprocessing = 0;
		};
/* End PBXFrameworksBuildPhase section */

/* Begin PBXGroup section */
		F9D35DA22D8F9BEA0037E397 = {
			isa = PBXGroup;
			children = (
				F9836BE62D9EBBFA0028E812 /* DitherCalculatorCore */,
				F9D35DAD2D8F9BEA0037E397 /* DitherCalculator */,
				F9D35DBE2D8F9BEC0037E397 /* DitherCalculatorTests */,
				F9D35DC82D8F9BEC0037E397 /* DitherCalculatorUITests */,
				F9D35DAC2D8F9BEA0037E397 /* Products */,
			);
			sourceTree = "<group>";
		};
		F9D35DAC2D8F9BEA0037E397 /* Products */ = {
			isa = PBXGroup;
			children = (
				F9D35DAB2D8F9BEA0037E397 /* DitherCalculator.app */,
				F9D35DBB2D8F9BEC0037E397 /* DitherCalculatorTests.xctest */,
				F9D35DC52D8F9BEC0037E397 /* DitherCalculatorUITests.xctest */,
			);
			name = Products;
			sourceTree = "<group>";
		};
/* End PBXGroup section */

/* Begin PBXNativeTarget section */
		F9D35DAA2D8F9BEA0037E397 /* DitherCalculator */ = {
			isa = PBXNativeTarget;
			buildConfigurationList = F9D35DCF2D8F9BEC0037E397 /* Build configuration list for PBXNativeTarget "DitherCalculator" */;
			buildPhases = (
				F9D35DA72D8F9BEA0037E397 /* Sources */,
				F9D35DA82D8F9BEA0037E397 /* Frameworks */,
				F9D35DA92D8F9BEA0037E397 /* Resources */,
			);
			buildRules = (
			);
			dependencies = (
			);
			fileSystemSynchronizedGroups = (
				F9D35DAD2D8F9BEA0037E397 /* DitherCalculator */,
			);
			name = DitherCalculator;
			packageProductDependencies = (
			);
			productName = DitherCalculator;
			productReference = F9D35DAB2D8F9BEA0037E397 /* DitherCalculator.app */;
			productType = "com.apple.product-type.application";
		};
		F9D35DBA2D8F9BEC0037E397 /* DitherCalculatorTests */ = {
			isa = PBXNativeTarget;
			buildConfigurationList = F9D35DD22D8F9BEC0037E397 /* Build configuration list for PBXNativeTarget "DitherCalculatorTests" */;
			buildPhases = (
				F9D35DB72D8F9BEC0037E397 /* Sources */,
				F9D35DB82D8F9BEC0037E397 /* Frameworks */,
				F9D35DB92D8F9BEC0037E397 /* Resources */,
			);
			buildRules = (
			);
			dependencies = (
				F9D35DBD2D8F9BEC0037E397 /* PBXTargetDependency */,
			);
			fileSystemSynchronizedGroups = (
				F9D35DBE2D8F9BEC0037E397 /* DitherCalculatorTests */,
			);
			name = DitherCalculatorTests;
			packageProductDependencies = (
			);
			productName = DitherCalculatorTests;
			productReference = F9D35DBB2D8F9BEC0037E397 /* DitherCalculatorTests.xctest */;
			productType = "com.apple.product-type.bundle.unit-test";
		};
		F9D35DC42D8F9BEC0037E397 /* DitherCalculatorUITests */ = {
			isa = PBXNativeTarget;
			buildConfigurationList = F9D35DD52D8F9BEC0037E397 /* Build configuration list for PBXNativeTarget "DitherCalculatorUITests" */;
			buildPhases = (
				F9D35DC12D8F9BEC0037E397 /* Sources */,
				F9D35DC22D8F9BEC0037E397 /* Frameworks */,
				F9D35DC32D8F9BEC0037E397 /* Resources */,
			);
			buildRules = (
			);
			dependencies = (
				F9D35DC72D8F9BEC0037E397 /* PBXTargetDependency */,
			);
			fileSystemSynchronizedGroups = (
				F9D35DC82D8F9BEC0037E397 /* DitherCalculatorUITests */,
			);
			name = DitherCalculatorUITests;
			packageProductDependencies = (
			);
			productName = DitherCalculatorUITests;
			productReference = F9D35DC52D8F9BEC0037E397 /* DitherCalculatorUITests.xctest */;
			productType = "com.apple.product-type.bundle.ui-testing";
		};
/* End PBXNativeTarget section */

/* Begin PBXProject section */
		F9D35DA32D8F9BEA0037E397 /* Project object */ = {
			isa = PBXProject;
			attributes = {
				BuildIndependentTargetsInParallel = 1;
				LastSwiftUpdateCheck = 1620;
				LastUpgradeCheck = 1620;
				TargetAttributes = {
					F9D35DAA2D8F9BEA0037E397 = {
						CreatedOnToolsVersion = 16.2;
					};
					F9D35DBA2D8F9BEC0037E397 = {
						CreatedOnToolsVersion = 16.2;
						TestTargetID = F9D35DAA2D8F9BEA0037E397;
					};
					F9D35DC42D8F9BEC0037E397 = {
						CreatedOnToolsVersion = 16.2;
						TestTargetID = F9D35DAA2D8F9BEA0037E397;
					};
				};
			};
			buildConfigurationList = F9D35DA62D8F9BEA0037E397 /* Build configuration list for PBXProject "DitherCalculator" */;
			developmentRegion = en;
			hasScannedForEncodings = 0;
			knownRegions = (
				en,
				Base,
			);
			mainGroup = F9D35DA22D8F9BEA0037E397;
			minimizedProjectReferenceProxies = 1;
			preferredProjectObjectVersion = 77;
			productRefGroup = F9D35DAC2D8F9BEA0037E397 /* Products */;
			projectDirPath = "";
			projectRoot = "";
			targets = (
				F9D35DAA2D8F9BEA0037E397 /* DitherCalculator */,
				F9D35DBA2D8F9BEC0037E397 /* DitherCalculatorTests */,
				F9D35DC42D8F9BEC0037E397 /* DitherCalculatorUITests */,
			);
		};
/* End PBXProject section */

/* Begin PBXResourcesBuildPhase section */
		F9D35DA92D8F9BEA0037E397 /* Resources */ = {
			isa = PBXResourcesBuildPhase;
			buildActionMask = 2147483647;
			files = (
				F9836BE72D9EBBFA0028E812 /* DitherCalculatorCore in Resources */,
			);
			runOnlyForDeploymentPostprocessing = 0;
		};
		F9D35DB92D8F9BEC0037E397 /* Resources */ = {
			isa = PBXResourcesBuildPhase;
			buildActionMask = 2147483647;
			files = (
			);
			runOnlyForDeploymentPostprocessing = 0;
		};
		F9D35DC32D8F9BEC0037E397 /* Resources */ = {
			isa = PBXResourcesBuildPhase;
			buildActionMask = 2147483647;
			files = (
			);
			runOnlyForDeploymentPostprocessing = 0;
		};
/* End PBXResourcesBuildPhase section */

/* Begin PBXSourcesBuildPhase section */
		F9D35DA72D8F9BEA0037E397 /* Sources */ = {
			isa = PBXSourcesBuildPhase;
			buildActionMask = 2147483647;
			files = (
			);
			runOnlyForDeploymentPostprocessing = 0;
		};
		F9D35DB72D8F9BEC0037E397 /* Sources */ = {
			isa = PBXSourcesBuildPhase;
			buildActionMask = 2147483647;
			files = (
			);
			runOnlyForDeploymentPostprocessing = 0;
		};
		F9D35DC12D8F9BEC0037E397 /* Sources */ = {
			isa = PBXSourcesBuildPhase;
			buildActionMask = 2147483647;
			files = (
			);
			runOnlyForDeploymentPostprocessing = 0;
		};
/* End PBXSourcesBuildPhase section */

/* Begin PBXTargetDependency section */
		F9D35DBD2D8F9BEC0037E397 /* PBXTargetDependency */ = {
			isa = PBXTargetDependency;
			target = F9D35DAA2D8F9BEA0037E397 /* DitherCalculator */;
			targetProxy = F9D35DBC2D8F9BEC0037E397 /* PBXContainerItemProxy */;
		};
		F9D35DC72D8F9BEC0037E397 /* PBXTargetDependency */ = {
			isa = PBXTargetDependency;
			target = F9D35DAA2D8F9BEA0037E397 /* DitherCalculator */;
			targetProxy = F9D35DC62D8F9BEC0037E397 /* PBXContainerItemProxy */;
		};
/* End PBXTargetDependency section */

/* Begin XCBuildConfiguration section */
		F9D35DCD2D8F9BEC0037E397 /* Debug */ = {
			isa = XCBuildConfiguration;
			buildSettings = {
				ALWAYS_SEARCH_USER_PATHS = NO;
				ASSETCATALOG_COMPILER_GENERATE_SWIFT_ASSET_SYMBOL_EXTENSIONS = YES;
				CLANG_ANALYZER_NONNULL = YES;
				CLANG_ANALYZER_NUMBER_OBJECT_CONVERSION = YES_AGGRESSIVE;
				CLANG_CXX_LANGUAGE_STANDARD = "gnu++20";
				CLANG_ENABLE_MODULES = YES;
				CLANG_ENABLE_OBJC_ARC = YES;
				CLANG_ENABLE_OBJC_WEAK = YES;
				CLANG_WARN_BLOCK_CAPTURE_AUTORELEASING = YES;
				CLANG_WARN_BOOL_CONVERSION = YES;
				CLANG_WARN_COMMA = YES;
				CLANG_WARN_CONSTANT_CONVERSION = YES;
				CLANG_WARN_DEPRECATED_OBJC_IMPLEMENTATIONS = YES;
				CLANG_WARN_DIRECT_OBJC_ISA_USAGE = YES_ERROR;
				CLANG_WARN_DOCUMENTATION_COMMENTS = YES;
				CLANG_WARN_EMPTY_BODY = YES;
				CLANG_WARN_ENUM_CONVERSION = YES;
				CLANG_WARN_INFINITE_RECURSION = YES;
				CLANG_WARN_INT_CONVERSION = YES;
				CLANG_WARN_NON_LITERAL_NULL_CONVERSION = YES;
				CLANG_WARN_OBJC_IMPLICIT_RETAIN_SELF = YES;
				CLANG_WARN_OBJC_LITERAL_CONVERSION = YES;
				CLANG_WARN_OBJC_ROOT_CLASS = YES_ERROR;
				CLANG_WARN_QUOTED_INCLUDE_IN_FRAMEWORK_HEADER = YES;
				CLANG_WARN_RANGE_LOOP_ANALYSIS = YES;
				CLANG_WARN_STRICT_PROTOTYPES = YES;
				CLANG_WARN_SUSPICIOUS_MOVE = YES;
				CLANG_WARN_UNGUARDED_AVAILABILITY = YES_AGGRESSIVE;
				CLANG_WARN_UNREACHABLE_CODE = YES;
				CLANG_WARN__DUPLICATE_METHOD_MATCH = YES;
				COPY_PHASE_STRIP = NO;
				DEBUG_INFORMATION_FORMAT = dwarf;
				ENABLE_STRICT_OBJC_MSGSEND = YES;
				ENABLE_TESTABILITY = YES;
				ENABLE_USER_SCRIPT_SANDBOXING = YES;
				GCC_C_LANGUAGE_STANDARD = gnu17;
				GCC_DYNAMIC_NO_PIC = NO;
				GCC_NO_COMMON_BLOCKS = YES;
				GCC_OPTIMIZATION_LEVEL = 0;
				GCC_PREPROCESSOR_DEFINITIONS = (
					"DEBUG=1",
					"$(inherited)",
				);
				GCC_WARN_64_TO_32_BIT_CONVERSION = YES;
				GCC_WARN_ABOUT_RETURN_TYPE = YES_ERROR;
				GCC_WARN_UNDECLARED_SELECTOR = YES;
				GCC_WARN_UNINITIALIZED_AUTOS = YES_AGGRESSIVE;
				GCC_WARN_UNUSED_FUNCTION = YES;
				GCC_WARN_UNUSED_VARIABLE = YES;
				IPHONEOS_DEPLOYMENT_TARGET = 18.2;
				LOCALIZATION_PREFERS_STRING_CATALOGS = YES;
				MTL_ENABLE_DEBUG_INFO = INCLUDE_SOURCE;
				MTL_FAST_MATH = YES;
				ONLY_ACTIVE_ARCH = YES;
				SDKROOT = iphoneos;
				SWIFT_ACTIVE_COMPILATION_CONDITIONS = "DEBUG $(inherited)";
				SWIFT_OPTIMIZATION_LEVEL = "-Onone";
			};
			name = Debug;
		};
		F9D35DCE2D8F9BEC0037E397 /* Release */ = {
			isa = XCBuildConfiguration;
			buildSettings = {
				ALWAYS_SEARCH_USER_PATHS = NO;
				ASSETCATALOG_COMPILER_GENERATE_SWIFT_ASSET_SYMBOL_EXTENSIONS = YES;
				CLANG_ANALYZER_NONNULL = YES;
				CLANG_ANALYZER_NUMBER_OBJECT_CONVERSION = YES_AGGRESSIVE;
				CLANG_CXX_LANGUAGE_STANDARD = "gnu++20";
				CLANG_ENABLE_MODULES = YES;
				CLANG_ENABLE_OBJC_ARC = YES;
				CLANG_ENABLE_OBJC_WEAK = YES;
				CLANG_WARN_BLOCK_CAPTURE_AUTORELEASING = YES;
				CLANG_WARN_BOOL_CONVERSION = YES;
				CLANG_WARN_COMMA = YES;
				CLANG_WARN_CONSTANT_CONVERSION = YES;
				CLANG_WARN_DEPRECATED_OBJC_IMPLEMENTATIONS = YES;
				CLANG_WARN_DIRECT_OBJC_ISA_USAGE = YES_ERROR;
				CLANG_WARN_DOCUMENTATION_COMMENTS = YES;
				CLANG_WARN_EMPTY_BODY = YES;
				CLANG_WARN_ENUM_CONVERSION = YES;
				CLANG_WARN_INFINITE_RECURSION = YES;
				CLANG_WARN_INT_CONVERSION = YES;
				CLANG_WARN_NON_LITERAL_NULL_CONVERSION = YES;
				CLANG_WARN_OBJC_IMPLICIT_RETAIN_SELF = YES;
				CLANG_WARN_OBJC_LITERAL_CONVERSION = YES;
				CLANG_WARN_OBJC_ROOT_CLASS = YES_ERROR;
				CLANG_WARN_QUOTED_INCLUDE_IN_FRAMEWORK_HEADER = YES;
				CLANG_WARN_RANGE_LOOP_ANALYSIS = YES;
				CLANG_WARN_STRICT_PROTOTYPES = YES;
				CLANG_WARN_SUSPICIOUS_MOVE = YES;
				CLANG_WARN_UNGUARDED_AVAILABILITY = YES_AGGRESSIVE;
				CLANG_WARN_UNREACHABLE_CODE = YES;
				CLANG_WARN__DUPLICATE_METHOD_MATCH = YES;
				COPY_PHASE_STRIP = NO;
				DEBUG_INFORMATION_FORMAT = "dwarf-with-dsym";
				ENABLE_NS_ASSERTIONS = NO;
				ENABLE_STRICT_OBJC_MSGSEND = YES;
				ENABLE_USER_SCRIPT_SANDBOXING = YES;
				GCC_C_LANGUAGE_STANDARD = gnu17;
				GCC_NO_COMMON_BLOCKS = YES;
				GCC_WARN_64_TO_32_BIT_CONVERSION = YES;
				GCC_WARN_ABOUT_RETURN_TYPE = YES_ERROR;
				GCC_WARN_UNDECLARED_SELECTOR = YES;
				GCC_WARN_UNINITIALIZED_AUTOS = YES_AGGRESSIVE;
				GCC_WARN_UNUSED_FUNCTION = YES;
				GCC_WARN_UNUSED_VARIABLE = YES;
				IPHONEOS_DEPLOYMENT_TARGET = 18.2;
				LOCALIZATION_PREFERS_STRING_CATALOGS = YES;
				MTL_ENABLE_DEBUG_INFO = NO;
				MTL_FAST_MATH = YES;
				SDKROOT = iphoneos;
				SWIFT_COMPILATION_MODE = wholemodule;
				VALIDATE_PRODUCT = YES;
			};
			name = Release;
		};
		F9D35DD02D8F9BEC0037E397 /* Debug */ = {
			isa = XCBuildConfiguration;
			buildSettings = {
				ASSETCATALOG_COMPILER_APPICON_NAME = AppIcon;
				ASSETCATALOG_COMPILER_GLOBAL_ACCENT_COLOR_NAME = AccentColor;
				CODE_SIGN_ENTITLEMENTS = DitherCalculator/DitherCalculator.entitlements;
				CODE_SIGN_STYLE = Automatic;
				CURRENT_PROJECT_VERSION = 1;
				DEVELOPMENT_ASSET_PATHS = "\"DitherCalculator/Preview Content\"";
				DEVELOPMENT_TEAM = K6D967URM5;
				ENABLE_PREVIEWS = YES;
				GENERATE_INFOPLIST_FILE = YES;
				INFOPLIST_KEY_UIApplicationSceneManifest_Generation = YES;
				INFOPLIST_KEY_UIApplicationSupportsIndirectInputEvents = YES;
				INFOPLIST_KEY_UILaunchScreen_Generation = YES;
				INFOPLIST_KEY_UISupportedInterfaceOrientations_iPad = "UIInterfaceOrientationPortrait UIInterfaceOrientationPortraitUpsideDown UIInterfaceOrientationLandscapeLeft UIInterfaceOrientationLandscapeRight";
				INFOPLIST_KEY_UISupportedInterfaceOrientations_iPhone = "UIInterfaceOrientationPortrait UIInterfaceOrientationLandscapeLeft UIInterfaceOrientationLandscapeRight";
				LD_RUNPATH_SEARCH_PATHS = (
					"$(inherited)",
					"@executable_path/Frameworks",
				);
				MARKETING_VERSION = 1.0;
				PRODUCT_BUNDLE_IDENTIFIER = com.bryankohrn.DitherCalculator;
				PRODUCT_NAME = "$(TARGET_NAME)";
				SWIFT_EMIT_LOC_STRINGS = YES;
				SWIFT_VERSION = 5.0;
				TARGETED_DEVICE_FAMILY = "1,2";
			};
			name = Debug;
		};
		F9D35DD12D8F9BEC0037E397 /* Release */ = {
			isa = XCBuildConfiguration;
			buildSettings = {
				ASSETCATALOG_COMPILER_APPICON_NAME = AppIcon;
				ASSETCATALOG_COMPILER_GLOBAL_ACCENT_COLOR_NAME = AccentColor;
				CODE_SIGN_ENTITLEMENTS = DitherCalculator/DitherCalculator.entitlements;
				CODE_SIGN_STYLE = Automatic;
				CURRENT_PROJECT_VERSION = 1;
				DEVELOPMENT_ASSET_PATHS = "\"DitherCalculator/Preview Content\"";
				DEVELOPMENT_TEAM = K6D967URM5;
				ENABLE_PREVIEWS = YES;
				GENERATE_INFOPLIST_FILE = YES;
				INFOPLIST_KEY_UIApplicationSceneManifest_Generation = YES;
				INFOPLIST_KEY_UIApplicationSupportsIndirectInputEvents = YES;
				INFOPLIST_KEY_UILaunchScreen_Generation = YES;
				INFOPLIST_KEY_UISupportedInterfaceOrientations_iPad = "UIInterfaceOrientationPortrait UIInterfaceOrientationPortraitUpsideDown UIInterfaceOrientationLandscapeLeft UIInterfaceOrientationLandscapeRight";
				INFOPLIST_KEY_UISupportedInterfaceOrientations_iPhone = "UIInterfaceOrientationPortrait UIInterfaceOrientationLandscapeLeft UIInterfaceOrientationLandscapeRight";
				LD_RUNPATH_SEARCH_PATHS = (
					"$(inherited)",
					"@executable_path/Frameworks",
				);
				MARKETING_VERSION = 1.0;
				PRODUCT_BUNDLE_IDENTIFIER = com.bryankohrn.DitherCalculator;
				PRODUCT_NAME = "$(TARGET_NAME)";
				SWIFT_EMIT_LOC_STRINGS = YES;
				SWIFT_VERSION = 5.0;
				TARGETED_DEVICE_FAMILY = "1,2";
			};
			name = Release;
		};
		F9D35DD32D8F9BEC0037E397 /* Debug */ = {
			isa = XCBuildConfiguration;
			buildSettings = {
				BUNDLE_LOADER = "$(TEST_HOST)";
				CODE_SIGN_STYLE = Automatic;
				CURRENT_PROJECT_VERSION = 1;
				DEVELOPMENT_TEAM = K6D967URM5;
				GENERATE_INFOPLIST_FILE = YES;
				IPHONEOS_DEPLOYMENT_TARGET = 18.2;
				MARKETING_VERSION = 1.0;
				PRODUCT_BUNDLE_IDENTIFIER = com.bryankohrn.DitherCalculatorTests;
				PRODUCT_NAME = "$(TARGET_NAME)";
				SWIFT_EMIT_LOC_STRINGS = NO;
				SWIFT_VERSION = 5.0;
				TARGETED_DEVICE_FAMILY = "1,2";
				TEST_HOST = "$(BUILT_PRODUCTS_DIR)/DitherCalculator.app/$(BUNDLE_EXECUTABLE_FOLDER_PATH)/DitherCalculator";
			};
			name = Debug;
		};
		F9D35DD42D8F9BEC0037E397 /* Release */ = {
			isa = XCBuildConfiguration;
			buildSettings = {
				BUNDLE_LOADER = "$(TEST_HOST)";
				CODE_SIGN_STYLE = Automatic;
				CURRENT_PROJECT_VERSION = 1;
				DEVELOPMENT_TEAM = K6D967URM5;
				GENERATE_INFOPLIST_FILE = YES;
				IPHONEOS_DEPLOYMENT_TARGET = 18.2;
				MARKETING_VERSION = 1.0;
				PRODUCT_BUNDLE_IDENTIFIER = com.bryankohrn.DitherCalculatorTests;
				PRODUCT_NAME = "$(TARGET_NAME)";
				SWIFT_EMIT_LOC_STRINGS = NO;
				SWIFT_VERSION = 5.0;
				TARGETED_DEVICE_FAMILY = "1,2";
				TEST_HOST = "$(BUILT_PRODUCTS_DIR)/DitherCalculator.app/$(BUNDLE_EXECUTABLE_FOLDER_PATH)/DitherCalculator";
			};
			name = Release;
		};
		F9D35DD62D8F9BEC0037E397 /* Debug */ = {
			isa = XCBuildConfiguration;
			buildSettings = {
				CODE_SIGN_STYLE = Automatic;
				CURRENT_PROJECT_VERSION = 1;
				DEVELOPMENT_TEAM = K6D967URM5;
				GENERATE_INFOPLIST_FILE = YES;
				MARKETING_VERSION = 1.0;
				PRODUCT_BUNDLE_IDENTIFIER = com.bryankohrn.DitherCalculatorUITests;
				PRODUCT_NAME = "$(TARGET_NAME)";
				SWIFT_EMIT_LOC_STRINGS = NO;
				SWIFT_VERSION = 5.0;
				TARGETED_DEVICE_FAMILY = "1,2";
				TEST_TARGET_NAME = DitherCalculator;
			};
			name = Debug;
		};
		F9D35DD72D8F9BEC0037E397 /* Release */ = {
			isa = XCBuildConfiguration;
			buildSettings = {
				CODE_SIGN_STYLE = Automatic;
				CURRENT_PROJECT_VERSION = 1;
				DEVELOPMENT_TEAM = K6D967URM5;
				GENERATE_INFOPLIST_FILE = YES;
				MARKETING_VERSION = 1.0;
				PRODUCT_BUNDLE_IDENTIFIER = com.bryankohrn.DitherCalculatorUITests;
				PRODUCT_NAME = "$(TARGET_NAME)";
				SWIFT_EMIT_LOC_STRINGS = NO;
				SWIFT_VERSION = 5.0;
				TARGETED_DEVICE_FAMILY = "1,2";
				TEST_TARGET_NAME = DitherCalculator;
			};
			name = Release;
		};
/* End XCBuildConfiguration section */

/* Begin XCConfigurationList section */
		F9D35DA62D8F9BEA0037E397 /* Build configuration list for PBXProject "DitherCalculator" */ = {
			isa = XCConfigurationList;
			buildConfigurations = (
				F9D35DCD2D8F9BEC0037E397 /* Debug */,
				F9D35DCE2D8F9BEC0037E397 /* Release */,
			);
			defaultConfigurationIsVisible = 0;
			defaultConfigurationName = Release;
		};
		F9D35DCF2D8F9BEC0037E397 /* Build configuration list for PBXNativeTarget "DitherCalculator" */ = {
			isa = XCConfigurationList;
			buildConfigurations = (
				F9D35DD02D8F9BEC0037E397 /* Debug */,
				F9D35DD12D8F9BEC0037E397 /* Release */,
			);
			defaultConfigurationIsVisible = 0;
			defaultConfigurationName = Release;
		};
		F9D35DD22D8F9BEC0037E397 /* Build configuration list for PBXNativeTarget "DitherCalculatorTests" */ = {
			isa = XCConfigurationList;
			buildConfigurations = (
				F9D35DD32D8F9BEC0037E397 /* Debug */,
				F9D35DD42D8F9BEC0037E397 /* Release */,
			);
			defaultConfigurationIsVisible = 0;
			defaultConfigurationName = Release;
		};
		F9D35DD52D8F9BEC0037E397 /* Build configuration list for PBXNativeTarget "DitherCalculatorUITests" */ = {
			isa = XCConfigurationList;
			buildConfigurations = (
				F9D35DD62D8F9BEC0037E397 /* Debug */,
				F9D35DD72D8F9BEC0037E397 /* Release */,
			);
			defaultConfigurationIsVisible = 0;
			defaultConfigurationName = Release;
		};
/* End XCConfigurationList section */
	};
	rootObject = F9D35DA32D8F9BEA0037E397 /* Project object */;
}
